
Microsoft Visual Studio Solution File, Format Version 12.00
# Visual Studio Version 17
VisualStudioVersion = 17.5.002.0
MinimumVisualStudioVersion = 10.0.40219.1
Project("{9A19103F-16F7-4668-BE54-9A1E7A4F7556}") = "SellerSystem", "SellerSystem.csproj", "{D02E8A81-3936-432F-8B22-0B18B2BE0EE0}"
EndProject
Global
	GlobalSection(SolutionConfigurationPlatforms) = preSolution
		Debug|Any CPU = Debug|Any CPU
		Release|Any CPU = Release|Any CPU
	EndGlobalSection
	GlobalSection(ProjectConfigurationPlatforms) = postSolution
		{D02E8A81-3936-432F-8B22-0B18B2BE0EE0}.Debug|Any CPU.ActiveCfg = Debug|Any CPU
		{D02E8A81-3936-432F-8B22-0B18B2BE0EE0}.Debug|Any CPU.Build.0 = Debug|Any CPU
		{D02E8A81-3936-432F-8B22-0B18B2BE0EE0}.Release|Any CPU.ActiveCfg = Release|Any CPU
		{D02E8A81-3936-432F-8B22-0B18B2BE0EE0}.Release|Any CPU.Build.0 = Release|Any CPU
	EndGlobalSection
	GlobalSection(SolutionProperties) = preSolution
		HideSolutionNode = FALSE
	EndGlobalSection
	GlobalSection(ExtensibilityGlobals) = postSolution
		SolutionGuid = {43D5E767-05DE-4F0E-88C3-7E11103FFBFF}
	EndGlobalSection
EndGlobal
